
Microsoft Visual Studio Solution File, Format Version 12.00
# Visual Studio Version 17
VisualStudioVersion = 17.0.31903.59
MinimumVisualStudioVersion = 10.0.40219.1
Project("{2150E333-8FDC-42A3-9474-1A3956D46DE8}") = "src", "src", "{827E0CD3-B72D-47B6-A68D-7590B98EB39B}"
EndProject
Project("{FAE04EC0-301F-11D3-BF4B-00C04F79EFBC}") = "AgentSkills", "src\AgentSkills\AgentSkills.csproj", "{7960E732-73AB-4F19-879C-4694AC33F7B5}"
EndProject
Project("{FAE04EC0-301F-11D3-BF4B-00C04F79EFBC}") = "AgentSkills.Loader", "src\AgentSkills.Loader\AgentSkills.Loader.csproj", "{7FEE23CE-5920-4DAD-A0A6-4C1B5E70739A}"
EndProject
Project("{FAE04EC0-301F-11D3-BF4B-00C04F79EFBC}") = "AgentSkills.Validation", "src\AgentSkills.Validation\AgentSkills.Validation.csproj", "{E742CC83-E7F0-42D6-9FFC-FCB4C9F01577}"
EndProject
Project("{FAE04EC0-301F-11D3-BF4B-00C04F79EFBC}") = "AgentSkills.Prompts", "src\AgentSkills.Prompts\AgentSkills.Prompts.csproj", "{F9FE7A8E-4129-4C2D-A41F-9F546171DF03}"
EndProject
Project("{2150E333-8FDC-42A3-9474-1A3956D46DE8}") = "tests", "tests", "{0AB3BF05-4346-4AA6-1389-037BE0695223}"
EndProject
Project("{FAE04EC0-301F-11D3-BF4B-00C04F79EFBC}") = "AgentSkills.Tests", "tests\AgentSkills.Tests\AgentSkills.Tests.csproj", "{2F7D5207-79A7-4034-999D-7412B2437EEB}"
EndProject
Project("{2150E333-8FDC-42A3-9474-1A3956D46DE8}") = "samples", "samples", "{5D20AA90-6969-D8BD-9DCD-8634F4692FDA}"
EndProject
Project("{FAE04EC0-301F-11D3-BF4B-00C04F79EFBC}") = "AgentSkills.Sample", "samples\AgentSkills.Sample\AgentSkills.Sample.csproj", "{ADD7F53B-9115-4725-AEF1-05930A90E190}"
EndProject
Project("{2150E333-8FDC-42A3-9474-1A3956D46DE8}") = "solution", "solution", "{C79DC1A2-2BD1-4B67-A733-E01DE89A1389}"
	ProjectSection(SolutionItems) = preProject
		Directory.Build.props = Directory.Build.props
	EndProjectSection
EndProject
Project("{2150E333-8FDC-42A3-9474-1A3956D46DE8}") = "github", "github", "{51BEEA6B-8FB5-4CFF-8823-D53DD7106C6E}"
	ProjectSection(SolutionItems) = preProject
		.github\workflows\ci.yml = .github\workflows\ci.yml
	EndProjectSection
EndProject
Global
	GlobalSection(SolutionConfigurationPlatforms) = preSolution
		Debug|Any CPU = Debug|Any CPU
		Debug|x64 = Debug|x64
		Debug|x86 = Debug|x86
		Release|Any CPU = Release|Any CPU
		Release|x64 = Release|x64
		Release|x86 = Release|x86
	EndGlobalSection
	GlobalSection(ProjectConfigurationPlatforms) = postSolution
		{7960E732-73AB-4F19-879C-4694AC33F7B5}.Debug|Any CPU.ActiveCfg = Debug|Any CPU
		{7960E732-73AB-4F19-879C-4694AC33F7B5}.Debug|Any CPU.Build.0 = Debug|Any CPU
		{7960E732-73AB-4F19-879C-4694AC33F7B5}.Debug|x64.ActiveCfg = Debug|Any CPU
		{7960E732-73AB-4F19-879C-4694AC33F7B5}.Debug|x64.Build.0 = Debug|Any CPU
		{7960E732-73AB-4F19-879C-4694AC33F7B5}.Debug|x86.ActiveCfg = Debug|Any CPU
		{7960E732-73AB-4F19-879C-4694AC33F7B5}.Debug|x86.Build.0 = Debug|Any CPU
		{7960E732-73AB-4F19-879C-4694AC33F7B5}.Release|Any CPU.ActiveCfg = Release|Any CPU
		{7960E732-73AB-4F19-879C-4694AC33F7B5}.Release|Any CPU.Build.0 = Release|Any CPU
		{7960E732-73AB-4F19-879C-4694AC33F7B5}.Release|x64.ActiveCfg = Release|Any CPU
		{7960E732-73AB-4F19-879C-4694AC33F7B5}.Release|x64.Build.0 = Release|Any CPU
		{7960E732-73AB-4F19-879C-4694AC33F7B5}.Release|x86.ActiveCfg = Release|Any CPU
		{7960E732-73AB-4F19-879C-4694AC33F7B5}.Release|x86.Build.0 = Release|Any CPU
		{7FEE23CE-5920-4DAD-A0A6-4C1B5E70739A}.Debug|Any CPU.ActiveCfg = Debug|Any CPU
		{7FEE23CE-5920-4DAD-A0A6-4C1B5E70739A}.Debug|Any CPU.Build.0 = Debug|Any CPU
		{7FEE23CE-5920-4DAD-A0A6-4C1B5E70739A}.Debug|x64.ActiveCfg = Debug|Any CPU
		{7FEE23CE-5920-4DAD-A0A6-4C1B5E70739A}.Debug|x64.Build.0 = Debug|Any CPU
		{7FEE23CE-5920-4DAD-A0A6-4C1B5E70739A}.Debug|x86.ActiveCfg = Debug|Any CPU
		{7FEE23CE-5920-4DAD-A0A6-4C1B5E70739A}.Debug|x86.Build.0 = Debug|Any CPU
		{7FEE23CE-5920-4DAD-A0A6-4C1B5E70739A}.Release|Any CPU.ActiveCfg = Release|Any CPU
		{7FEE23CE-5920-4DAD-A0A6-4C1B5E70739A}.Release|Any CPU.Build.0 = Release|Any CPU
		{7FEE23CE-5920-4DAD-A0A6-4C1B5E70739A}.Release|x64.ActiveCfg = Release|Any CPU
		{7FEE23CE-5920-4DAD-A0A6-4C1B5E70739A}.Release|x64.Build.0 = Release|Any CPU
		{7FEE23CE-5920-4DAD-A0A6-4C1B5E70739A}.Release|x86.ActiveCfg = Release|Any CPU
		{7FEE23CE-5920-4DAD-A0A6-4C1B5E70739A}.Release|x86.Build.0 = Release|Any CPU
		{E742CC83-E7F0-42D6-9FFC-FCB4C9F01577}.Debug|Any CPU.ActiveCfg = Debug|Any CPU
		{E742CC83-E7F0-42D6-9FFC-FCB4C9F01577}.Debug|Any CPU.Build.0 = Debug|Any CPU
		{E742CC83-E7F0-42D6-9FFC-FCB4C9F01577}.Debug|x64.ActiveCfg = Debug|Any CPU
		{E742CC83-E7F0-42D6-9FFC-FCB4C9F01577}.Debug|x64.Build.0 = Debug|Any CPU
		{E742CC83-E7F0-42D6-9FFC-FCB4C9F01577}.Debug|x86.ActiveCfg = Debug|Any CPU
		{E742CC83-E7F0-42D6-9FFC-FCB4C9F01577}.Debug|x86.Build.0 = Debug|Any CPU
		{E742CC83-E7F0-42D6-9FFC-FCB4C9F01577}.Release|Any CPU.ActiveCfg = Release|Any CPU
		{E742CC83-E7F0-42D6-9FFC-FCB4C9F01577}.Release|Any CPU.Build.0 = Release|Any CPU
		{E742CC83-E7F0-42D6-9FFC-FCB4C9F01577}.Release|x64.ActiveCfg = Release|Any CPU
		{E742CC83-E7F0-42D6-9FFC-FCB4C9F01577}.Release|x64.Build.0 = Release|Any CPU
		{E742CC83-E7F0-42D6-9FFC-FCB4C9F01577}.Release|x86.ActiveCfg = Release|Any CPU
		{E742CC83-E7F0-42D6-9FFC-FCB4C9F01577}.Release|x86.Build.0 = Release|Any CPU
		{F9FE7A8E-4129-4C2D-A41F-9F546171DF03}.Debug|Any CPU.ActiveCfg = Debug|Any CPU
		{F9FE7A8E-4129-4C2D-A41F-9F546171DF03}.Debug|Any CPU.Build.0 = Debug|Any CPU
		{F9FE7A8E-4129-4C2D-A41F-9F546171DF03}.Debug|x64.ActiveCfg = Debug|Any CPU
		{F9FE7A8E-4129-4C2D-A41F-9F546171DF03}.Debug|x64.Build.0 = Debug|Any CPU
		{F9FE7A8E-4129-4C2D-A41F-9F546171DF03}.Debug|x86.ActiveCfg = Debug|Any CPU
		{F9FE7A8E-4129-4C2D-A41F-9F546171DF03}.Debug|x86.Build.0 = Debug|Any CPU
		{F9FE7A8E-4129-4C2D-A41F-9F546171DF03}.Release|Any CPU.ActiveCfg = Release|Any CPU
		{F9FE7A8E-4129-4C2D-A41F-9F546171DF03}.Release|Any CPU.Build.0 = Release|Any CPU
		{F9FE7A8E-4129-4C2D-A41F-9F546171DF03}.Release|x64.ActiveCfg = Release|Any CPU
		{F9FE7A8E-4129-4C2D-A41F-9F546171DF03}.Release|x64.Build.0 = Release|Any CPU
		{F9FE7A8E-4129-4C2D-A41F-9F546171DF03}.Release|x86.ActiveCfg = Release|Any CPU
		{F9FE7A8E-4129-4C2D-A41F-9F546171DF03}.Release|x86.Build.0 = Release|Any CPU
		{2F7D5207-79A7-4034-999D-7412B2437EEB}.Debug|Any CPU.ActiveCfg = Debug|Any CPU
		{2F7D5207-79A7-4034-999D-7412B2437EEB}.Debug|Any CPU.Build.0 = Debug|Any CPU
		{2F7D5207-79A7-4034-999D-7412B2437EEB}.Debug|x64.ActiveCfg = Debug|Any CPU
		{2F7D5207-79A7-4034-999D-7412B2437EEB}.Debug|x64.Build.0 = Debug|Any CPU
		{2F7D5207-79A7-4034-999D-7412B2437EEB}.Debug|x86.ActiveCfg = Debug|Any CPU
		{2F7D5207-79A7-4034-999D-7412B2437EEB}.Debug|x86.Build.0 = Debug|Any CPU
		{2F7D5207-79A7-4034-999D-7412B2437EEB}.Release|Any CPU.ActiveCfg = Release|Any CPU
		{2F7D5207-79A7-4034-999D-7412B2437EEB}.Release|Any CPU.Build.0 = Release|Any CPU
		{2F7D5207-79A7-4034-999D-7412B2437EEB}.Release|x64.ActiveCfg = Release|Any CPU
		{2F7D5207-79A7-4034-999D-7412B2437EEB}.Release|x64.Build.0 = Release|Any CPU
		{2F7D5207-79A7-4034-999D-7412B2437EEB}.Release|x86.ActiveCfg = Release|Any CPU
		{2F7D5207-79A7-4034-999D-7412B2437EEB}.Release|x86.Build.0 = Release|Any CPU
		{ADD7F53B-9115-4725-AEF1-05930A90E190}.Debug|Any CPU.ActiveCfg = Debug|Any CPU
		{ADD7F53B-9115-4725-AEF1-05930A90E190}.Debug|Any CPU.Build.0 = Debug|Any CPU
		{ADD7F53B-9115-4725-AEF1-05930A90E190}.Debug|x64.ActiveCfg = Debug|Any CPU
		{ADD7F53B-9115-4725-AEF1-05930A90E190}.Debug|x64.Build.0 = Debug|Any CPU
		{ADD7F53B-9115-4725-AEF1-05930A90E190}.Debug|x86.ActiveCfg = Debug|Any CPU
		{ADD7F53B-9115-4725-AEF1-05930A90E190}.Debug|x86.Build.0 = Debug|Any CPU
		{ADD7F53B-9115-4725-AEF1-05930A90E190}.Release|Any CPU.ActiveCfg = Release|Any CPU
		{ADD7F53B-9115-4725-AEF1-05930A90E190}.Release|Any CPU.Build.0 = Release|Any CPU
		{ADD7F53B-9115-4725-AEF1-05930A90E190}.Release|x64.ActiveCfg = Release|Any CPU
		{ADD7F53B-9115-4725-AEF1-05930A90E190}.Release|x64.Build.0 = Release|Any CPU
		{ADD7F53B-9115-4725-AEF1-05930A90E190}.Release|x86.ActiveCfg = Release|Any CPU
		{ADD7F53B-9115-4725-AEF1-05930A90E190}.Release|x86.Build.0 = Release|Any CPU
	EndGlobalSection
	GlobalSection(SolutionProperties) = preSolution
		HideSolutionNode = FALSE
	EndGlobalSection
	GlobalSection(NestedProjects) = preSolution
		{7960E732-73AB-4F19-879C-4694AC33F7B5} = {827E0CD3-B72D-47B6-A68D-7590B98EB39B}
		{7FEE23CE-5920-4DAD-A0A6-4C1B5E70739A} = {827E0CD3-B72D-47B6-A68D-7590B98EB39B}
		{E742CC83-E7F0-42D6-9FFC-FCB4C9F01577} = {827E0CD3-B72D-47B6-A68D-7590B98EB39B}
		{F9FE7A8E-4129-4C2D-A41F-9F546171DF03} = {827E0CD3-B72D-47B6-A68D-7590B98EB39B}
		{2F7D5207-79A7-4034-999D-7412B2437EEB} = {0AB3BF05-4346-4AA6-1389-037BE0695223}
		{ADD7F53B-9115-4725-AEF1-05930A90E190} = {5D20AA90-6969-D8BD-9DCD-8634F4692FDA}
	EndGlobalSection
EndGlobal
